
Microsoft Visual Studio Solution File, Format Version 12.00
# Visual Studio Version 17
VisualStudioVersion = 17.10.34707.107
MinimumVisualStudioVersion = 10.0.40219.1
Project("{FAE04EC0-301F-11D3-BF4B-00C04F79EFBC}") = "MvcAppDemo.RazorPages", "MvcAppDemo.RazorPages\MvcAppDemo.RazorPages.csproj", "{80236280-8148-4E8F-90D3-916AA3BC934E}"
EndProject
Global
	GlobalSection(SolutionConfigurationPlatforms) = preSolution
		Debug|Any CPU = Debug|Any CPU
		Release|Any CPU = Release|Any CPU
	EndGlobalSection
	GlobalSection(ProjectConfigurationPlatforms) = postSolution
		{80236280-8148-4E8F-90D3-916AA3BC934E}.Debug|Any CPU.ActiveCfg = Debug|Any CPU
		{80236280-8148-4E8F-90D3-916AA3BC934E}.Debug|Any CPU.Build.0 = Debug|Any CPU
		{80236280-8148-4E8F-90D3-916AA3BC934E}.Release|Any CPU.ActiveCfg = Release|Any CPU
		{80236280-8148-4E8F-90D3-916AA3BC934E}.Release|Any CPU.Build.0 = Release|Any CPU
	EndGlobalSection
	GlobalSection(SolutionProperties) = preSolution
		HideSolutionNode = FALSE
	EndGlobalSection
	GlobalSection(ExtensibilityGlobals) = postSolution
		SolutionGuid = {35A35AA5-F467-4AF7-A804-96D3D3341033}
	EndGlobalSection
EndGlobal
